
Microsoft Visual Studio Solution File, Format Version 12.00
# Visual Studio 15
VisualStudioVersion = 15.0.28010.2003
MinimumVisualStudioVersion = 10.0.40219.1
Project("{FAE04EC0-301F-11D3-BF4B-00C04F79EFBC}") = "PruebaTecnicaCi2", "PruebaTecnicaCi2\PruebaTecnicaCi2.csproj", "{B628E62A-10B3-4ED6-B1C3-5B0934C0DE55}"
EndProject
Project("{9A19103F-16F7-4668-BE54-9A1E7A4F7556}") = "PruebaTecnicaCi2Libreria2018", "PruebaTecnicaCi2Libreria2018\PruebaTecnicaCi2Libreria2018.csproj", "{68AACC47-105A-44AF-A858-A132159E7E2C}"
EndProject
Global
	GlobalSection(SolutionConfigurationPlatforms) = preSolution
		Debug|Any CPU = Debug|Any CPU
		Release|Any CPU = Release|Any CPU
	EndGlobalSection
	GlobalSection(ProjectConfigurationPlatforms) = postSolution
		{B628E62A-10B3-4ED6-B1C3-5B0934C0DE55}.Debug|Any CPU.ActiveCfg = Debug|Any CPU
		{B628E62A-10B3-4ED6-B1C3-5B0934C0DE55}.Debug|Any CPU.Build.0 = Debug|Any CPU
		{B628E62A-10B3-4ED6-B1C3-5B0934C0DE55}.Release|Any CPU.ActiveCfg = Release|Any CPU
		{B628E62A-10B3-4ED6-B1C3-5B0934C0DE55}.Release|Any CPU.Build.0 = Release|Any CPU
		{68AACC47-105A-44AF-A858-A132159E7E2C}.Debug|Any CPU.ActiveCfg = Debug|Any CPU
		{68AACC47-105A-44AF-A858-A132159E7E2C}.Debug|Any CPU.Build.0 = Debug|Any CPU
		{68AACC47-105A-44AF-A858-A132159E7E2C}.Release|Any CPU.ActiveCfg = Release|Any CPU
		{68AACC47-105A-44AF-A858-A132159E7E2C}.Release|Any CPU.Build.0 = Release|Any CPU
	EndGlobalSection
	GlobalSection(SolutionProperties) = preSolution
		HideSolutionNode = FALSE
	EndGlobalSection
	GlobalSection(ExtensibilityGlobals) = postSolution
		SolutionGuid = {22DEE470-A172-4192-B439-4A081D8952BA}
	EndGlobalSection
EndGlobal
